
Microsoft Visual Studio Solution File, Format Version 12.00
# Visual Studio Version 16
VisualStudioVersion = 16.0.31613.86
MinimumVisualStudioVersion = 10.0.40219.1
Project("{FAE04EC0-301F-11D3-BF4B-00C04F79EFBC}") = "Execution3", "Execution3\Execution3.csproj", "{C24B4DEF-5EE7-4131-B125-04FC6BD49746}"
EndProject
Project("{FAE04EC0-301F-11D3-BF4B-00C04F79EFBC}") = "MatrixLibrary", "MatrixLibrary\MatrixLibrary.csproj", "{7258EECF-B269-4D8D-8178-1C4F3452EDE0}"
EndProject
Project("{FAE04EC0-301F-11D3-BF4B-00C04F79EFBC}") = "UnitTestLab3", "UnitTestLab3\UnitTestLab3.csproj", "{76221D16-49C7-4A1E-B32D-39FB859FAAEB}"
EndProject
Global
	GlobalSection(SolutionConfigurationPlatforms) = preSolution
		Debug|Any CPU = Debug|Any CPU
		Release|Any CPU = Release|Any CPU
	EndGlobalSection
	GlobalSection(ProjectConfigurationPlatforms) = postSolution
		{C24B4DEF-5EE7-4131-B125-04FC6BD49746}.Debug|Any CPU.ActiveCfg = Debug|Any CPU
		{C24B4DEF-5EE7-4131-B125-04FC6BD49746}.Debug|Any CPU.Build.0 = Debug|Any CPU
		{C24B4DEF-5EE7-4131-B125-04FC6BD49746}.Release|Any CPU.ActiveCfg = Release|Any CPU
		{C24B4DEF-5EE7-4131-B125-04FC6BD49746}.Release|Any CPU.Build.0 = Release|Any CPU
		{7258EECF-B269-4D8D-8178-1C4F3452EDE0}.Debug|Any CPU.ActiveCfg = Debug|Any CPU
		{7258EECF-B269-4D8D-8178-1C4F3452EDE0}.Debug|Any CPU.Build.0 = Debug|Any CPU
		{7258EECF-B269-4D8D-8178-1C4F3452EDE0}.Release|Any CPU.ActiveCfg = Release|Any CPU
		{7258EECF-B269-4D8D-8178-1C4F3452EDE0}.Release|Any CPU.Build.0 = Release|Any CPU
		{76221D16-49C7-4A1E-B32D-39FB859FAAEB}.Debug|Any CPU.ActiveCfg = Debug|Any CPU
		{76221D16-49C7-4A1E-B32D-39FB859FAAEB}.Debug|Any CPU.Build.0 = Debug|Any CPU
		{76221D16-49C7-4A1E-B32D-39FB859FAAEB}.Release|Any CPU.ActiveCfg = Release|Any CPU
		{76221D16-49C7-4A1E-B32D-39FB859FAAEB}.Release|Any CPU.Build.0 = Release|Any CPU
	EndGlobalSection
	GlobalSection(SolutionProperties) = preSolution
		HideSolutionNode = FALSE
	EndGlobalSection
	GlobalSection(ExtensibilityGlobals) = postSolution
		SolutionGuid = {684FC15A-7A26-413A-8F9B-31A677D3642F}
	EndGlobalSection
EndGlobal
